// !$*UTF8*$!
{
	archiveVersion = 1;
	classes = {
	};
	objectVersion = 46;
	objects = {

/* Begin PBXBuildFile section */
		541D6DA31E470170007150A7 /* AppDelegate.swift in Sources */ = {isa = PBXBuildFile; fileRef = 541D6DA21E470170007150A7 /* AppDelegate.swift */; };
		541D6DA51E470170007150A7 /* ViewController.swift in Sources */ = {isa = PBXBuildFile; fileRef = 541D6DA41E470170007150A7 /* ViewController.swift */; };
		541D6DAA1E470170007150A7 /* Assets.xcassets in Resources */ = {isa = PBXBuildFile; fileRef = 541D6DA91E470170007150A7 /* Assets.xcassets */; };
		541D6DAD1E470170007150A7 /* LaunchScreen.storyboard in Resources */ = {isa = PBXBuildFile; fileRef = 541D6DAB1E470170007150A7 /* LaunchScreen.storyboard */; };
		541D6DB81E470170007150A7 /* Native_FB_Ads_ExampleTests.swift in Sources */ = {isa = PBXBuildFile; fileRef = 541D6DB71E470170007150A7 /* Native_FB_Ads_ExampleTests.swift */; };
		541D6DC31E470170007150A7 /* Native_FB_Ads_ExampleUITests.swift in Sources */ = {isa = PBXBuildFile; fileRef = 541D6DC21E470170007150A7 /* Native_FB_Ads_ExampleUITests.swift */; };
		541D6DD11E470232007150A7 /* AdTableCell.swift in Sources */ = {isa = PBXBuildFile; fileRef = 541D6DD01E470232007150A7 /* AdTableCell.swift */; };
		541D6DD31E470279007150A7 /* Main.storyboard in Resources */ = {isa = PBXBuildFile; fileRef = 541D6DD21E470279007150A7 /* Main.storyboard */; };
		541D6DD51E4706E8007150A7 /* ImageView.swift in Sources */ = {isa = PBXBuildFile; fileRef = 541D6DD41E4706E8007150A7 /* ImageView.swift */; };
		71A6FC0C148BBE392CABB3D3 /* Pods_Native_FB_Ads_Example.framework in Frameworks */ = {isa = PBXBuildFile; fileRef = 84B13A36EBF3153A0875E018 /* Pods_Native_FB_Ads_Example.framework */; };
/* End PBXBuildFile section */

/* Begin PBXContainerItemProxy section */
		541D6DB41E470170007150A7 /* PBXContainerItemProxy */ = {
			isa = PBXContainerItemProxy;
			containerPortal = 541D6D971E470170007150A7 /* Project object */;
			proxyType = 1;
			remoteGlobalIDString = 541D6D9E1E470170007150A7;
			remoteInfo = "Native FB Ads Example";
		};
		541D6DBF1E470170007150A7 /* PBXContainerItemProxy */ = {
			isa = PBXContainerItemProxy;
			containerPortal = 541D6D971E470170007150A7 /* Project object */;
			proxyType = 1;
			remoteGlobalIDString = 541D6D9E1E470170007150A7;
			remoteInfo = "Native FB Ads Example";
		};
/* End PBXContainerItemProxy section */

/* Begin PBXFileReference section */
		3C8A519B63C7C43F7163CCD6 /* Pods-Native FB Ads Example.debug.xcconfig */ = {isa = PBXFileReference; includeInIndex = 1; lastKnownFileType = text.xcconfig; name = "Pods-Native FB Ads Example.debug.xcconfig"; path = "Pods/Target Support Files/Pods-Native FB Ads Example/Pods-Native FB Ads Example.debug.xcconfig"; sourceTree = "<group>"; };
		541D6D9F1E470170007150A7 /* Native FB Ads Example.app */ = {isa = PBXFileReference; explicitFileType = wrapper.application; includeInIndex = 0; path = "Native FB Ads Example.app"; sourceTree = BUILT_PRODUCTS_DIR; };
		541D6DA21E470170007150A7 /* AppDelegate.swift */ = {isa = PBXFileReference; lastKnownFileType = sourcecode.swift; path = AppDelegate.swift; sourceTree = "<group>"; };
		541D6DA41E470170007150A7 /* ViewController.swift */ = {isa = PBXFileReference; lastKnownFileType = sourcecode.swift; path = ViewController.swift; sourceTree = "<group>"; };
		541D6DA91E470170007150A7 /* Assets.xcassets */ = {isa = PBXFileReference; lastKnownFileType = folder.assetcatalog; path = Assets.xcassets; sourceTree = "<group>"; };
		541D6DAC1E470170007150A7 /* Base */ = {isa = PBXFileReference; lastKnownFileType = file.storyboard; name = Base; path = Base.lproj/LaunchScreen.storyboard; sourceTree = "<group>"; };
		541D6DAE1E470170007150A7 /* Info.plist */ = {isa = PBXFileReference; lastKnownFileType = text.plist.xml; path = Info.plist; sourceTree = "<group>"; };
		541D6DB31E470170007150A7 /* Native FB Ads ExampleTests.xctest */ = {isa = PBXFileReference; explicitFileType = wrapper.cfbundle; includeInIndex = 0; path = "Native FB Ads ExampleTests.xctest"; sourceTree = BUILT_PRODUCTS_DIR; };
		541D6DB71E470170007150A7 /* Native_FB_Ads_ExampleTests.swift */ = {isa = PBXFileReference; lastKnownFileType = sourcecode.swift; path = Native_FB_Ads_ExampleTests.swift; sourceTree = "<group>"; };
		541D6DB91E470170007150A7 /* Info.plist */ = {isa = PBXFileReference; lastKnownFileType = text.plist.xml; path = Info.plist; sourceTree = "<group>"; };
		541D6DBE1E470170007150A7 /* Native FB Ads ExampleUITests.xctest */ = {isa = PBXFileReference; explicitFileType = wrapper.cfbundle; includeInIndex = 0; path = "Native FB Ads ExampleUITests.xctest"; sourceTree = BUILT_PRODUCTS_DIR; };
		541D6DC21E470170007150A7 /* Native_FB_Ads_ExampleUITests.swift */ = {isa = PBXFileReference; lastKnownFileType = sourcecode.swift; path = Native_FB_Ads_ExampleUITests.swift; sourceTree = "<group>"; };
		541D6DC41E470170007150A7 /* Info.plist */ = {isa = PBXFileReference; lastKnownFileType = text.plist.xml; path = Info.plist; sourceTree = "<group>"; };
		541D6DD01E470232007150A7 /* AdTableCell.swift */ = {isa = PBXFileReference; fileEncoding = 4; lastKnownFileType = sourcecode.swift; path = AdTableCell.swift; sourceTree = "<group>"; };
		541D6DD21E470279007150A7 /* Main.storyboard */ = {isa = PBXFileReference; fileEncoding = 4; lastKnownFileType = file.storyboard; path = Main.storyboard; sourceTree = "<group>"; };
		541D6DD41E4706E8007150A7 /* ImageView.swift */ = {isa = PBXFileReference; fileEncoding = 4; lastKnownFileType = sourcecode.swift; path = ImageView.swift; sourceTree = "<group>"; };
		84B13A36EBF3153A0875E018 /* Pods_Native_FB_Ads_Example.framework */ = {isa = PBXFileReference; explicitFileType = wrapper.framework; includeInIndex = 0; path = Pods_Native_FB_Ads_Example.framework; sourceTree = BUILT_PRODUCTS_DIR; };
		CF5C5B9ABE2F29D7EF7A576D /* Pods-Native FB Ads Example.release.xcconfig */ = {isa = PBXFileReference; includeInIndex = 1; lastKnownFileType = text.xcconfig; name = "Pods-Native FB Ads Example.release.xcconfig"; path = "Pods/Target Support Files/Pods-Native FB Ads Example/Pods-Native FB Ads Example.release.xcconfig"; sourceTree = "<group>"; };
/* End PBXFileReference section */

/* Begin PBXFrameworksBuildPhase section */
		541D6D9C1E470170007150A7 /* Frameworks */ = {
			isa = PBXFrameworksBuildPhase;
			buildActionMask = 2147483647;
			files = (
				71A6FC0C148BBE392CABB3D3 /* Pods_Native_FB_Ads_Example.framework in Frameworks */,
			);
			runOnlyForDeploymentPostprocessing = 0;
		};
		541D6DB01E470170007150A7 /* Frameworks */ = {
			isa = PBXFrameworksBuildPhase;
			buildActionMask = 2147483647;
			files = (
			);
			runOnlyForDeploymentPostprocessing = 0;
		};
		541D6DBB1E470170007150A7 /* Frameworks */ = {
			isa = PBXFrameworksBuildPhase;
			buildActionMask = 2147483647;
			files = (
			);
			runOnlyForDeploymentPostprocessing = 0;
		};
/* End PBXFrameworksBuildPhase section */

/* Begin PBXGroup section */
		3A991EC46412C6DB2EAADE17 /* Frameworks */ = {
			isa = PBXGroup;
			children = (
				84B13A36EBF3153A0875E018 /* Pods_Native_FB_Ads_Example.framework */,
			);
			name = Frameworks;
			sourceTree = "<group>";
		};
		541D6D961E470170007150A7 = {
			isa = PBXGroup;
			children = (
				541D6DA11E470170007150A7 /* Native FB Ads Example */,
				541D6DB61E470170007150A7 /* Native FB Ads ExampleTests */,
				541D6DC11E470170007150A7 /* Native FB Ads ExampleUITests */,
				541D6DA01E470170007150A7 /* Products */,
				F8D624DA5A06173DABC8512B /* Pods */,
				3A991EC46412C6DB2EAADE17 /* Frameworks */,
			);
			sourceTree = "<group>";
		};
		541D6DA01E470170007150A7 /* Products */ = {
			isa = PBXGroup;
			children = (
				541D6D9F1E470170007150A7 /* Native FB Ads Example.app */,
				541D6DB31E470170007150A7 /* Native FB Ads ExampleTests.xctest */,
				541D6DBE1E470170007150A7 /* Native FB Ads ExampleUITests.xctest */,
			);
			name = Products;
			sourceTree = "<group>";
		};
		541D6DA11E470170007150A7 /* Native FB Ads Example */ = {
			isa = PBXGroup;
			children = (
				541D6DA21E470170007150A7 /* AppDelegate.swift */,
				541D6DA41E470170007150A7 /* ViewController.swift */,
				541D6DD01E470232007150A7 /* AdTableCell.swift */,
				541D6DD21E470279007150A7 /* Main.storyboard */,
				541D6DD41E4706E8007150A7 /* ImageView.swift */,
				541D6DA91E470170007150A7 /* Assets.xcassets */,
				541D6DAB1E470170007150A7 /* LaunchScreen.storyboard */,
				541D6DAE1E470170007150A7 /* Info.plist */,
			);
			path = "Native FB Ads Example";
			sourceTree = "<group>";
		};
		541D6DB61E470170007150A7 /* Native FB Ads ExampleTests */ = {
			isa = PBXGroup;
			children = (
				541D6DB71E470170007150A7 /* Native_FB_Ads_ExampleTests.swift */,
				541D6DB91E470170007150A7 /* Info.plist */,
			);
			path = "Native FB Ads ExampleTests";
			sourceTree = "<group>";
		};
		541D6DC11E470170007150A7 /* Native FB Ads ExampleUITests */ = {
			isa = PBXGroup;
			children = (
				541D6DC21E470170007150A7 /* Native_FB_Ads_ExampleUITests.swift */,
				541D6DC41E470170007150A7 /* Info.plist */,
			);
			path = "Native FB Ads ExampleUITests";
			sourceTree = "<group>";
		};
		F8D624DA5A06173DABC8512B /* Pods */ = {
			isa = PBXGroup;
			children = (
				3C8A519B63C7C43F7163CCD6 /* Pods-Native FB Ads Example.debug.xcconfig */,
				CF5C5B9ABE2F29D7EF7A576D /* Pods-Native FB Ads Example.release.xcconfig */,
			);
			name = Pods;
			sourceTree = "<group>";
		};
/* End PBXGroup section */

/* Begin PBXNativeTarget section */
		541D6D9E1E470170007150A7 /* Native FB Ads Example */ = {
			isa = PBXNativeTarget;
			buildConfigurationList = 541D6DC71E470170007150A7 /* Build configuration list for PBXNativeTarget "Native FB Ads Example" */;
			buildPhases = (
				782883343CFA0E0447D5AFF0 /* [CP] Check Pods Manifest.lock */,
				541D6D9B1E470170007150A7 /* Sources */,
				541D6D9C1E470170007150A7 /* Frameworks */,
				541D6D9D1E470170007150A7 /* Resources */,
				623D3B36E9E77F24193F045F /* [CP] Embed Pods Frameworks */,
				0DF930ACA94FCDBE6C33550F /* [CP] Copy Pods Resources */,
			);
			buildRules = (
			);
			dependencies = (
			);
			name = "Native FB Ads Example";
			productName = "Native FB Ads Example";
			productReference = 541D6D9F1E470170007150A7 /* Native FB Ads Example.app */;
			productType = "com.apple.product-type.application";
		};
		541D6DB21E470170007150A7 /* Native FB Ads ExampleTests */ = {
			isa = PBXNativeTarget;
			buildConfigurationList = 541D6DCA1E470170007150A7 /* Build configuration list for PBXNativeTarget "Native FB Ads ExampleTests" */;
			buildPhases = (
				541D6DAF1E470170007150A7 /* Sources */,
				541D6DB01E470170007150A7 /* Frameworks */,
				541D6DB11E470170007150A7 /* Resources */,
			);
			buildRules = (
			);
			dependencies = (
				541D6DB51E470170007150A7 /* PBXTargetDependency */,
			);
			name = "Native FB Ads ExampleTests";
			productName = "Native FB Ads ExampleTests";
			productReference = 541D6DB31E470170007150A7 /* Native FB Ads ExampleTests.xctest */;
			productType = "com.apple.product-type.bundle.unit-test";
		};
		541D6DBD1E470170007150A7 /* Native FB Ads ExampleUITests */ = {
			isa = PBXNativeTarget;
			buildConfigurationList = 541D6DCD1E470170007150A7 /* Build configuration list for PBXNativeTarget "Native FB Ads ExampleUITests" */;
			buildPhases = (
				541D6DBA1E470170007150A7 /* Sources */,
				541D6DBB1E470170007150A7 /* Frameworks */,
				541D6DBC1E470170007150A7 /* Resources */,
			);
			buildRules = (
			);
			dependencies = (
				541D6DC01E470170007150A7 /* PBXTargetDependency */,
			);
			name = "Native FB Ads ExampleUITests";
			productName = "Native FB Ads ExampleUITests";
			productReference = 541D6DBE1E470170007150A7 /* Native FB Ads ExampleUITests.xctest */;
			productType = "com.apple.product-type.bundle.ui-testing";
		};
/* End PBXNativeTarget section */

/* Begin PBXProject section */
		541D6D971E470170007150A7 /* Project object */ = {
			isa = PBXProject;
			attributes = {
				LastSwiftUpdateCheck = 0820;
				LastUpgradeCheck = 0820;
				ORGANIZATIONNAME = "Henry Saniuk";
				TargetAttributes = {
					541D6D9E1E470170007150A7 = {
						CreatedOnToolsVersion = 8.2.1;
						DevelopmentTeam = LCB3NE4A8E;
						ProvisioningStyle = Automatic;
					};
					541D6DB21E470170007150A7 = {
						CreatedOnToolsVersion = 8.2.1;
						DevelopmentTeam = LCB3NE4A8E;
						ProvisioningStyle = Automatic;
						TestTargetID = 541D6D9E1E470170007150A7;
					};
					541D6DBD1E470170007150A7 = {
						CreatedOnToolsVersion = 8.2.1;
						DevelopmentTeam = LCB3NE4A8E;
						ProvisioningStyle = Automatic;
						TestTargetID = 541D6D9E1E470170007150A7;
					};
				};
			};
			buildConfigurationList = 541D6D9A1E470170007150A7 /* Build configuration list for PBXProject "Native FB Ads Example" */;
			compatibilityVersion = "Xcode 3.2";
			developmentRegion = English;
			hasScannedForEncodings = 0;
			knownRegions = (
				en,
				Base,
			);
			mainGroup = 541D6D961E470170007150A7;
			productRefGroup = 541D6DA01E470170007150A7 /* Products */;
			projectDirPath = "";
			projectRoot = "";
			targets = (
				541D6D9E1E470170007150A7 /* Native FB Ads Example */,
				541D6DB21E470170007150A7 /* Native FB Ads ExampleTests */,
				541D6DBD1E470170007150A7 /* Native FB Ads ExampleUITests */,
			);
		};
/* End PBXProject section */

/* Begin PBXResourcesBuildPhase section */
		541D6D9D1E470170007150A7 /* Resources */ = {
			isa = PBXResourcesBuildPhase;
			buildActionMask = 2147483647;
			files = (
				541D6DD31E470279007150A7 /* Main.storyboard in Resources */,
				541D6DAD1E470170007150A7 /* LaunchScreen.storyboard in Resources */,
				541D6DAA1E470170007150A7 /* Assets.xcassets in Resources */,
			);
			runOnlyForDeploymentPostprocessing = 0;
		};
		541D6DB11E470170007150A7 /* Resources */ = {
			isa = PBXResourcesBuildPhase;
			buildActionMask = 2147483647;
			files = (
			);
			runOnlyForDeploymentPostprocessing = 0;
		};
		541D6DBC1E470170007150A7 /* Resources */ = {
			isa = PBXResourcesBuildPhase;
			buildActionMask = 2147483647;
			files = (
			);
			runOnlyForDeploymentPostprocessing = 0;
		};
/* End PBXResourcesBuildPhase section */

/* Begin PBXShellScriptBuildPhase section */
		0DF930ACA94FCDBE6C33550F /* [CP] Copy Pods Resources */ = {
			isa = PBXShellScriptBuildPhase;
			buildActionMask = 2147483647;
			files = (
			);
			inputPaths = (
			);
			name = "[CP] Copy Pods Resources";
			outputPaths = (
			);
			runOnlyForDeploymentPostprocessing = 0;
			shellPath = /bin/sh;
			shellScript = "\"${SRCROOT}/Pods/Target Support Files/Pods-Native FB Ads Example/Pods-Native FB Ads Example-resources.sh\"\n";
			showEnvVarsInLog = 0;
		};
		623D3B36E9E77F24193F045F /* [CP] Embed Pods Frameworks */ = {
			isa = PBXShellScriptBuildPhase;
			buildActionMask = 2147483647;
			files = (
			);
			inputPaths = (
			);
			name = "[CP] Embed Pods Frameworks";
			outputPaths = (
			);
			runOnlyForDeploymentPostprocessing = 0;
			shellPath = /bin/sh;
			shellScript = "\"${SRCROOT}/Pods/Target Support Files/Pods-Native FB Ads Example/Pods-Native FB Ads Example-frameworks.sh\"\n";
			showEnvVarsInLog = 0;
		};
		782883343CFA0E0447D5AFF0 /* [CP] Check Pods Manifest.lock */ = {
			isa = PBXShellScriptBuildPhase;
			buildActionMask = 2147483647;
			files = (
			);
			inputPaths = (
			);
			name = "[CP] Check Pods Manifest.lock";
			outputPaths = (
			);
			runOnlyForDeploymentPostprocessing = 0;
			shellPath = /bin/sh;
			shellScript = "diff \"${PODS_ROOT}/../Podfile.lock\" \"${PODS_ROOT}/Manifest.lock\" > /dev/null\nif [ $? != 0 ] ; then\n    # print error to STDERR\n    echo \"error: The sandbox is not in sync with the Podfile.lock. Run 'pod install' or update your CocoaPods installation.\" >&2\n    exit 1\nfi\n";
			showEnvVarsInLog = 0;
		};
/* End PBXShellScriptBuildPhase section */

/* Begin PBXSourcesBuildPhase section */
		541D6D9B1E470170007150A7 /* Sources */ = {
			isa = PBXSourcesBuildPhase;
			buildActionMask = 2147483647;
			files = (
				541D6DD51E4706E8007150A7 /* ImageView.swift in Sources */,
				541D6DA51E470170007150A7 /* ViewController.swift in Sources */,
				541D6DA31E470170007150A7 /* AppDelegate.swift in Sources */,
				541D6DD11E470232007150A7 /* AdTableCell.swift in Sources */,
			);
			runOnlyForDeploymentPostprocessing = 0;
		};
		541D6DAF1E470170007150A7 /* Sources */ = {
			isa = PBXSourcesBuildPhase;
			buildActionMask = 2147483647;
			files = (
				541D6DB81E470170007150A7 /* Native_FB_Ads_ExampleTests.swift in Sources */,
			);
			runOnlyForDeploymentPostprocessing = 0;
		};
		541D6DBA1E470170007150A7 /* Sources */ = {
			isa = PBXSourcesBuildPhase;
			buildActionMask = 2147483647;
			files = (
				541D6DC31E470170007150A7 /* Native_FB_Ads_ExampleUITests.swift in Sources */,
			);
			runOnlyForDeploymentPostprocessing = 0;
		};
/* End PBXSourcesBuildPhase section */

/* Begin PBXTargetDependency section */
		541D6DB51E470170007150A7 /* PBXTargetDependency */ = {
			isa = PBXTargetDependency;
			target = 541D6D9E1E470170007150A7 /* Native FB Ads Example */;
			targetProxy = 541D6DB41E470170007150A7 /* PBXContainerItemProxy */;
		};
		541D6DC01E470170007150A7 /* PBXTargetDependency */ = {
			isa = PBXTargetDependency;
			target = 541D6D9E1E470170007150A7 /* Native FB Ads Example */;
			targetProxy = 541D6DBF1E470170007150A7 /* PBXContainerItemProxy */;
		};
/* End PBXTargetDependency section */

/* Begin PBXVariantGroup section */
		541D6DAB1E470170007150A7 /* LaunchScreen.storyboard */ = {
			isa = PBXVariantGroup;
			children = (
				541D6DAC1E470170007150A7 /* Base */,
			);
			name = LaunchScreen.storyboard;
			sourceTree = "<group>";
		};
/* End PBXVariantGroup section */

/* Begin XCBuildConfiguration section */
		541D6DC51E470170007150A7 /* Debug */ = {
			isa = XCBuildConfiguration;
			buildSettings = {
				ALWAYS_SEARCH_USER_PATHS = NO;
				CLANG_ANALYZER_NONNULL = YES;
				CLANG_CXX_LANGUAGE_STANDARD = "gnu++0x";
				CLANG_CXX_LIBRARY = "libc++";
				CLANG_ENABLE_MODULES = YES;
				CLANG_ENABLE_OBJC_ARC = YES;
				CLANG_WARN_BOOL_CONVERSION = YES;
				CLANG_WARN_CONSTANT_CONVERSION = YES;
				CLANG_WARN_DIRECT_OBJC_ISA_USAGE = YES_ERROR;
				CLANG_WARN_DOCUMENTATION_COMMENTS = YES;
				CLANG_WARN_EMPTY_BODY = YES;
				CLANG_WARN_ENUM_CONVERSION = YES;
				CLANG_WARN_INFINITE_RECURSION = YES;
				CLANG_WARN_INT_CONVERSION = YES;
				CLANG_WARN_OBJC_ROOT_CLASS = YES_ERROR;
				CLANG_WARN_SUSPICIOUS_MOVE = YES;
				CLANG_WARN_UNREACHABLE_CODE = YES;
				CLANG_WARN__DUPLICATE_METHOD_MATCH = YES;
				"CODE_SIGN_IDENTITY[sdk=iphoneos*]" = "iPhone Developer";
				COPY_PHASE_STRIP = NO;
				DEBUG_INFORMATION_FORMAT = dwarf;
				ENABLE_STRICT_OBJC_MSGSEND = YES;
				ENABLE_TESTABILITY = YES;
				GCC_C_LANGUAGE_STANDARD = gnu99;
				GCC_DYNAMIC_NO_PIC = NO;
				GCC_NO_COMMON_BLOCKS = YES;
				GCC_OPTIMIZATION_LEVEL = 0;
				GCC_PREPROCESSOR_DEFINITIONS = (
					"DEBUG=1",
					"$(inherited)",
				);
				GCC_WARN_64_TO_32_BIT_CONVERSION = YES;
				GCC_WARN_ABOUT_RETURN_TYPE = YES_ERROR;
				GCC_WARN_UNDECLARED_SELECTOR = YES;
				GCC_WARN_UNINITIALIZED_AUTOS = YES_AGGRESSIVE;
				GCC_WARN_UNUSED_FUNCTION = YES;
				GCC_WARN_UNUSED_VARIABLE = YES;
				IPHONEOS_DEPLOYMENT_TARGET = 10.2;
				MTL_ENABLE_DEBUG_INFO = YES;
				ONLY_ACTIVE_ARCH = YES;
				SDKROOT = iphoneos;
				SWIFT_ACTIVE_COMPILATION_CONDITIONS = DEBUG;
				SWIFT_OPTIMIZATION_LEVEL = "-Onone";
				TARGETED_DEVICE_FAMILY = "1,2";
			};
			name = Debug;
		};
		541D6DC61E470170007150A7 /* Release */ = {
			isa = XCBuildConfiguration;
			buildSettings = {
				ALWAYS_SEARCH_USER_PATHS = NO;
				CLANG_ANALYZER_NONNULL = YES;
				CLANG_CXX_LANGUAGE_STANDARD = "gnu++0x";
				CLANG_CXX_LIBRARY = "libc++";
				CLANG_ENABLE_MODULES = YES;
				CLANG_ENABLE_OBJC_ARC = YES;
				CLANG_WARN_BOOL_CONVERSION = YES;
				CLANG_WARN_CONSTANT_CONVERSION = YES;
				CLANG_WARN_DIRECT_OBJC_ISA_USAGE = YES_ERROR;
				CLANG_WARN_DOCUMENTATION_COMMENTS = YES;
				CLANG_WARN_EMPTY_BODY = YES;
				CLANG_WARN_ENUM_CONVERSION = YES;
				CLANG_WARN_INFINITE_RECURSION = YES;
				CLANG_WARN_INT_CONVERSION = YES;
				CLANG_WARN_OBJC_ROOT_CLASS = YES_ERROR;
				CLANG_WARN_SUSPICIOUS_MOVE = YES;
				CLANG_WARN_UNREACHABLE_CODE = YES;
				CLANG_WARN__DUPLICATE_METHOD_MATCH = YES;
				"CODE_SIGN_IDENTITY[sdk=iphoneos*]" = "iPhone Developer";
				COPY_PHASE_STRIP = NO;
				DEBUG_INFORMATION_FORMAT = "dwarf-with-dsym";
				ENABLE_NS_ASSERTIONS = NO;
				ENABLE_STRICT_OBJC_MSGSEND = YES;
				GCC_C_LANGUAGE_STANDARD = gnu99;
				GCC_NO_COMMON_BLOCKS = YES;
				GCC_WARN_64_TO_32_BIT_CONVERSION = YES;
				GCC_WARN_ABOUT_RETURN_TYPE = YES_ERROR;
				GCC_WARN_UNDECLARED_SELECTOR = YES;
				GCC_WARN_UNINITIALIZED_AUTOS = YES_AGGRESSIVE;
				GCC_WARN_UNUSED_FUNCTION = YES;
				GCC_WARN_UNUSED_VARIABLE = YES;
				IPHONEOS_DEPLOYMENT_TARGET = 10.2;
				MTL_ENABLE_DEBUG_INFO = NO;
				SDKROOT = iphoneos;
				SWIFT_OPTIMIZATION_LEVEL = "-Owholemodule";
				TARGETED_DEVICE_FAMILY = "1,2";
				VALIDATE_PRODUCT = YES;
			};
			name = Release;
		};
		541D6DC81E470170007150A7 /* Debug */ = {
			isa = XCBuildConfiguration;
			baseConfigurationReference = 3C8A519B63C7C43F7163CCD6 /* Pods-Native FB Ads Example.debug.xcconfig */;
			buildSettings = {
				ASSETCATALOG_COMPILER_APPICON_NAME = AppIcon;
				DEVELOPMENT_TEAM = LCB3NE4A8E;
				INFOPLIST_FILE = "Native FB Ads Example/Info.plist";
				LD_RUNPATH_SEARCH_PATHS = "$(inherited) @executable_path/Frameworks";
				PRODUCT_BUNDLE_IDENTIFIER = "com.henrysaniuk.Native-FB-Ads-Example";
				PRODUCT_NAME = "$(TARGET_NAME)";
				SWIFT_VERSION = 3.0;
			};
			name = Debug;
		};
		541D6DC91E470170007150A7 /* Release */ = {
			isa = XCBuildConfiguration;
			baseConfigurationReference = CF5C5B9ABE2F29D7EF7A576D /* Pods-Native FB Ads Example.release.xcconfig */;
			buildSettings = {
				ASSETCATALOG_COMPILER_APPICON_NAME = AppIcon;
				DEVELOPMENT_TEAM = LCB3NE4A8E;
				INFOPLIST_FILE = "Native FB Ads Example/Info.plist";
				LD_RUNPATH_SEARCH_PATHS = "$(inherited) @executable_path/Frameworks";
				PRODUCT_BUNDLE_IDENTIFIER = "com.henrysaniuk.Native-FB-Ads-Example";
				PRODUCT_NAME = "$(TARGET_NAME)";
				SWIFT_VERSION = 3.0;
			};
			name = Release;
		};
		541D6DCB1E470170007150A7 /* Debug */ = {
			isa = XCBuildConfiguration;
			buildSettings = {
				ALWAYS_EMBED_SWIFT_STANDARD_LIBRARIES = YES;
				BUNDLE_LOADER = "$(TEST_HOST)";
				DEVELOPMENT_TEAM = LCB3NE4A8E;
				INFOPLIST_FILE = "Native FB Ads ExampleTests/Info.plist";
				LD_RUNPATH_SEARCH_PATHS = "$(inherited) @executable_path/Frameworks @loader_path/Frameworks";
				PRODUCT_BUNDLE_IDENTIFIER = "com.henrysaniuk.Native-FB-Ads-ExampleTests";
				PRODUCT_NAME = "$(TARGET_NAME)";
				SWIFT_VERSION = 3.0;
				TEST_HOST = "$(BUILT_PRODUCTS_DIR)/Native FB Ads Example.app/Native FB Ads Example";
			};
			name = Debug;
		};
		541D6DCC1E470170007150A7 /* Release */ = {
			isa = XCBuildConfiguration;
			buildSettings = {
				ALWAYS_EMBED_SWIFT_STANDARD_LIBRARIES = YES;
				BUNDLE_LOADER = "$(TEST_HOST)";
				DEVELOPMENT_TEAM = LCB3NE4A8E;
				INFOPLIST_FILE = "Native FB Ads ExampleTests/Info.plist";
				LD_RUNPATH_SEARCH_PATHS = "$(inherited) @executable_path/Frameworks @loader_path/Frameworks";
				PRODUCT_BUNDLE_IDENTIFIER = "com.henrysaniuk.Native-FB-Ads-ExampleTests";
				PRODUCT_NAME = "$(TARGET_NAME)";
				SWIFT_VERSION = 3.0;
				TEST_HOST = "$(BUILT_PRODUCTS_DIR)/Native FB Ads Example.app/Native FB Ads Example";
			};
			name = Release;
		};
		541D6DCE1E470170007150A7 /* Debug */ = {
			isa = XCBuildConfiguration;
			buildSettings = {
				ALWAYS_EMBED_SWIFT_STANDARD_LIBRARIES = YES;
				DEVELOPMENT_TEAM = LCB3NE4A8E;
				INFOPLIST_FILE = "Native FB Ads ExampleUITests/Info.plist";
				LD_RUNPATH_SEARCH_PATHS = "$(inherited) @executable_path/Frameworks @loader_path/Frameworks";
				PRODUCT_BUNDLE_IDENTIFIER = "com.henrysaniuk.Native-FB-Ads-ExampleUITests";
				PRODUCT_NAME = "$(TARGET_NAME)";
				SWIFT_VERSION = 3.0;
				TEST_TARGET_NAME = "Native FB Ads Example";
			};
			name = Debug;
		};
		541D6DCF1E470170007150A7 /* Release */ = {
			isa = XCBuildConfiguration;
			buildSettings = {
				ALWAYS_EMBED_SWIFT_STANDARD_LIBRARIES = YES;
				DEVELOPMENT_TEAM = LCB3NE4A8E;
				INFOPLIST_FILE = "Native FB Ads ExampleUITests/Info.plist";
				LD_RUNPATH_SEARCH_PATHS = "$(inherited) @executable_path/Frameworks @loader_path/Frameworks";
				PRODUCT_BUNDLE_IDENTIFIER = "com.henrysaniuk.Native-FB-Ads-ExampleUITests";
				PRODUCT_NAME = "$(TARGET_NAME)";
				SWIFT_VERSION = 3.0;
				TEST_TARGET_NAME = "Native FB Ads Example";
			};
			name = Release;
		};
/* End XCBuildConfiguration section */

/* Begin XCConfigurationList section */
		541D6D9A1E470170007150A7 /* Build configuration list for PBXProject "Native FB Ads Example" */ = {
			isa = XCConfigurationList;
			buildConfigurations = (
				541D6DC51E470170007150A7 /* Debug */,
				541D6DC61E470170007150A7 /* Release */,
			);
			defaultConfigurationIsVisible = 0;
			defaultConfigurationName = Release;
		};
		541D6DC71E470170007150A7 /* Build configuration list for PBXNativeTarget "Native FB Ads Example" */ = {
			isa = XCConfigurationList;
			buildConfigurations = (
				541D6DC81E470170007150A7 /* Debug */,
				541D6DC91E470170007150A7 /* Release */,
			);
			defaultConfigurationIsVisible = 0;
			defaultConfigurationName = Release;
		};
		541D6DCA1E470170007150A7 /* Build configuration list for PBXNativeTarget "Native FB Ads ExampleTests" */ = {
			isa = XCConfigurationList;
			buildConfigurations = (
				541D6DCB1E470170007150A7 /* Debug */,
				541D6DCC1E470170007150A7 /* Release */,
			);
			defaultConfigurationIsVisible = 0;
			defaultConfigurationName = Release;
		};
		541D6DCD1E470170007150A7 /* Build configuration list for PBXNativeTarget "Native FB Ads ExampleUITests" */ = {
			isa = XCConfigurationList;
			buildConfigurations = (
				541D6DCE1E470170007150A7 /* Debug */,
				541D6DCF1E470170007150A7 /* Release */,
			);
			defaultConfigurationIsVisible = 0;
			defaultConfigurationName = Release;
		};
/* End XCConfigurationList section */
	};
	rootObject = 541D6D971E470170007150A7 /* Project object */;
}
